// !$*UTF8*$!
{
	archiveVersion = 1;
	classes = {
	};
	objectVersion = 56;
	objects = {

/* Begin PBXBuildFile section */
		DCC706002D07257800C0B63F /* AppDelegate.swift in Sources */ = {isa = PBXBuildFile; fileRef = DCC705FF2D07257800C0B63F /* AppDelegate.swift */; };
		DCC706022D07257800C0B63F /* SceneDelegate.swift in Sources */ = {isa = PBXBuildFile; fileRef = DCC706012D07257800C0B63F /* SceneDelegate.swift */; };
		DCC706042D07257800C0B63F /* ViewController.swift in Sources */ = {isa = PBXBuildFile; fileRef = DCC706032D07257800C0B63F /* ViewController.swift */; };
		DCC706092D07257A00C0B63F /* Assets.xcassets in Resources */ = {isa = PBXBuildFile; fileRef = DCC706082D07257A00C0B63F /* Assets.xcassets */; };
		DCC7060C2D07257A00C0B63F /* Base in Resources */ = {isa = PBXBuildFile; fileRef = DCC7060B2D07257A00C0B63F /* Base */; };
		DCC706142D0727CC00C0B63F /* FormatSelectionViewController.swift in Sources */ = {isa = PBXBuildFile; fileRef = DCC706132D0727CC00C0B63F /* FormatSelectionViewController.swift */; };
		DCC706172D07280D00C0B63F /* SnapKit in Frameworks */ = {isa = PBXBuildFile; productRef = DCC706162D07280D00C0B63F /* SnapKit */; };
		DCF6D5CB2D0875A600041057 /* RecordViewController.swift in Sources */ = {isa = PBXBuildFile; fileRef = DCF6D5CA2D0875A600041057 /* RecordViewController.swift */; };
		DCF6D5CD2D099CB700041057 /* Schedule.swift in Sources */ = {isa = PBXBuildFile; fileRef = DCF6D5CC2D099CB700041057 /* Schedule.swift */; };
		DCF6D5CF2D09A88F00041057 /* SchedulaViewController.swift in Sources */ = {isa = PBXBuildFile; fileRef = DCF6D5CE2D09A88F00041057 /* SchedulaViewController.swift */; };
		DCF6D5D12D09AB0E00041057 /* SectionHeaderView.swift in Sources */ = {isa = PBXBuildFile; fileRef = DCF6D5D02D09AB0E00041057 /* SectionHeaderView.swift */; };
		DCF6D5D32D09CEB300041057 /* SlotCell.swift in Sources */ = {isa = PBXBuildFile; fileRef = DCF6D5D22D09CEB300041057 /* SlotCell.swift */; };
		DCF6D5D52D0A066D00041057 /* RecordData.swift in Sources */ = {isa = PBXBuildFile; fileRef = DCF6D5D42D0A066D00041057 /* RecordData.swift */; };
		DCF6D5D72D0A075F00041057 /* ConfirmationViewController.swift in Sources */ = {isa = PBXBuildFile; fileRef = DCF6D5D62D0A075F00041057 /* ConfirmationViewController.swift */; };
		DCF6D5D92D0A0A1300041057 /* SuccessViewController.swift in Sources */ = {isa = PBXBuildFile; fileRef = DCF6D5D82D0A0A1300041057 /* SuccessViewController.swift */; };
/* End PBXBuildFile section */

/* Begin PBXFileReference section */
		DCC705FC2D07257800C0B63F /* PhyDoc.app */ = {isa = PBXFileReference; explicitFileType = wrapper.application; includeInIndex = 0; path = PhyDoc.app; sourceTree = BUILT_PRODUCTS_DIR; };
		DCC705FF2D07257800C0B63F /* AppDelegate.swift */ = {isa = PBXFileReference; lastKnownFileType = sourcecode.swift; path = AppDelegate.swift; sourceTree = "<group>"; };
		DCC706012D07257800C0B63F /* SceneDelegate.swift */ = {isa = PBXFileReference; lastKnownFileType = sourcecode.swift; path = SceneDelegate.swift; sourceTree = "<group>"; };
		DCC706032D07257800C0B63F /* ViewController.swift */ = {isa = PBXFileReference; lastKnownFileType = sourcecode.swift; path = ViewController.swift; sourceTree = "<group>"; };
		DCC706082D07257A00C0B63F /* Assets.xcassets */ = {isa = PBXFileReference; lastKnownFileType = folder.assetcatalog; path = Assets.xcassets; sourceTree = "<group>"; };
		DCC7060B2D07257A00C0B63F /* Base */ = {isa = PBXFileReference; lastKnownFileType = file.storyboard; name = Base; path = Base.lproj/LaunchScreen.storyboard; sourceTree = "<group>"; };
		DCC7060D2D07257A00C0B63F /* Info.plist */ = {isa = PBXFileReference; lastKnownFileType = text.plist.xml; path = Info.plist; sourceTree = "<group>"; };
		DCC706132D0727CC00C0B63F /* FormatSelectionViewController.swift */ = {isa = PBXFileReference; lastKnownFileType = sourcecode.swift; path = FormatSelectionViewController.swift; sourceTree = "<group>"; };
		DCF6D5CA2D0875A600041057 /* RecordViewController.swift */ = {isa = PBXFileReference; lastKnownFileType = sourcecode.swift; path = RecordViewController.swift; sourceTree = "<group>"; };
		DCF6D5CC2D099CB700041057 /* Schedule.swift */ = {isa = PBXFileReference; lastKnownFileType = sourcecode.swift; path = Schedule.swift; sourceTree = "<group>"; };
		DCF6D5CE2D09A88F00041057 /* SchedulaViewController.swift */ = {isa = PBXFileReference; lastKnownFileType = sourcecode.swift; path = SchedulaViewController.swift; sourceTree = "<group>"; };
		DCF6D5D02D09AB0E00041057 /* SectionHeaderView.swift */ = {isa = PBXFileReference; lastKnownFileType = sourcecode.swift; path = SectionHeaderView.swift; sourceTree = "<group>"; };
		DCF6D5D22D09CEB300041057 /* SlotCell.swift */ = {isa = PBXFileReference; lastKnownFileType = sourcecode.swift; path = SlotCell.swift; sourceTree = "<group>"; };
		DCF6D5D42D0A066D00041057 /* RecordData.swift */ = {isa = PBXFileReference; lastKnownFileType = sourcecode.swift; path = RecordData.swift; sourceTree = "<group>"; };
		DCF6D5D62D0A075F00041057 /* ConfirmationViewController.swift */ = {isa = PBXFileReference; lastKnownFileType = sourcecode.swift; path = ConfirmationViewController.swift; sourceTree = "<group>"; };
		DCF6D5D82D0A0A1300041057 /* SuccessViewController.swift */ = {isa = PBXFileReference; lastKnownFileType = sourcecode.swift; path = SuccessViewController.swift; sourceTree = "<group>"; };
/* End PBXFileReference section */

/* Begin PBXFrameworksBuildPhase section */
		DCC705F92D07257800C0B63F /* Frameworks */ = {
			isa = PBXFrameworksBuildPhase;
			buildActionMask = 2147483647;
			files = (
				DCC706172D07280D00C0B63F /* SnapKit in Frameworks */,
			);
			runOnlyForDeploymentPostprocessing = 0;
		};
/* End PBXFrameworksBuildPhase section */

/* Begin PBXGroup section */
		DCC705F32D07257800C0B63F = {
			isa = PBXGroup;
			children = (
				DCC705FE2D07257800C0B63F /* PhyDoc */,
				DCC705FD2D07257800C0B63F /* Products */,
			);
			sourceTree = "<group>";
		};
		DCC705FD2D07257800C0B63F /* Products */ = {
			isa = PBXGroup;
			children = (
				DCC705FC2D07257800C0B63F /* PhyDoc.app */,
			);
			name = Products;
			sourceTree = "<group>";
		};
		DCC705FE2D07257800C0B63F /* PhyDoc */ = {
			isa = PBXGroup;
			children = (
				DCF6D5DD2D0A138300041057 /* Supporting */,
				DCF6D5DA2D0A134E00041057 /* Controllers */,
				DCF6D5DB2D0A135B00041057 /* Views */,
				DCF6D5DC2D0A136500041057 /* Models */,
				DCC7060D2D07257A00C0B63F /* Info.plist */,
			);
			path = PhyDoc;
			sourceTree = "<group>";
		};
		DCF6D5DA2D0A134E00041057 /* Controllers */ = {
			isa = PBXGroup;
			children = (
				DCC706132D0727CC00C0B63F /* FormatSelectionViewController.swift */,
				DCF6D5CA2D0875A600041057 /* RecordViewController.swift */,
				DCF6D5CE2D09A88F00041057 /* SchedulaViewController.swift */,
				DCF6D5D62D0A075F00041057 /* ConfirmationViewController.swift */,
				DCF6D5D82D0A0A1300041057 /* SuccessViewController.swift */,
			);
			path = Controllers;
			sourceTree = "<group>";
		};
		DCF6D5DB2D0A135B00041057 /* Views */ = {
			isa = PBXGroup;
			children = (
				DCF6D5D02D09AB0E00041057 /* SectionHeaderView.swift */,
				DCF6D5D22D09CEB300041057 /* SlotCell.swift */,
			);
			path = Views;
			sourceTree = "<group>";
		};
		DCF6D5DC2D0A136500041057 /* Models */ = {
			isa = PBXGroup;
			children = (
				DCF6D5CC2D099CB700041057 /* Schedule.swift */,
				DCF6D5D42D0A066D00041057 /* RecordData.swift */,
			);
			path = Models;
			sourceTree = "<group>";
		};
		DCF6D5DD2D0A138300041057 /* Supporting */ = {
			isa = PBXGroup;
			children = (
				DCC705FF2D07257800C0B63F /* AppDelegate.swift */,
				DCC706012D07257800C0B63F /* SceneDelegate.swift */,
				DCC706032D07257800C0B63F /* ViewController.swift */,
				DCC7060A2D07257A00C0B63F /* LaunchScreen.storyboard */,
				DCC706082D07257A00C0B63F /* Assets.xcassets */,
			);
			path = Supporting;
			sourceTree = "<group>";
		};
/* End PBXGroup section */

/* Begin PBXNativeTarget section */
		DCC705FB2D07257800C0B63F /* PhyDoc */ = {
			isa = PBXNativeTarget;
			buildConfigurationList = DCC706102D07257A00C0B63F /* Build configuration list for PBXNativeTarget "PhyDoc" */;
			buildPhases = (
				DCC705F82D07257800C0B63F /* Sources */,
				DCC705F92D07257800C0B63F /* Frameworks */,
				DCC705FA2D07257800C0B63F /* Resources */,
			);
			buildRules = (
			);
			dependencies = (
			);
			name = PhyDoc;
			packageProductDependencies = (
				DCC706162D07280D00C0B63F /* SnapKit */,
			);
			productName = PhyDoc;
			productReference = DCC705FC2D07257800C0B63F /* PhyDoc.app */;
			productType = "com.apple.product-type.application";
		};
/* End PBXNativeTarget section */

/* Begin PBXProject section */
		DCC705F42D07257800C0B63F /* Project object */ = {
			isa = PBXProject;
			attributes = {
				BuildIndependentTargetsInParallel = 1;
				LastSwiftUpdateCheck = 1540;
				LastUpgradeCheck = 1540;
				TargetAttributes = {
					DCC705FB2D07257800C0B63F = {
						CreatedOnToolsVersion = 15.4;
					};
				};
			};
			buildConfigurationList = DCC705F72D07257800C0B63F /* Build configuration list for PBXProject "PhyDoc" */;
			compatibilityVersion = "Xcode 14.0";
			developmentRegion = en;
			hasScannedForEncodings = 0;
			knownRegions = (
				en,
				Base,
			);
			mainGroup = DCC705F32D07257800C0B63F;
			packageReferences = (
				DCC706152D07280D00C0B63F /* XCRemoteSwiftPackageReference "SnapKit" */,
			);
			productRefGroup = DCC705FD2D07257800C0B63F /* Products */;
			projectDirPath = "";
			projectRoot = "";
			targets = (
				DCC705FB2D07257800C0B63F /* PhyDoc */,
			);
		};
/* End PBXProject section */

/* Begin PBXResourcesBuildPhase section */
		DCC705FA2D07257800C0B63F /* Resources */ = {
			isa = PBXResourcesBuildPhase;
			buildActionMask = 2147483647;
			files = (
				DCC706092D07257A00C0B63F /* Assets.xcassets in Resources */,
				DCC7060C2D07257A00C0B63F /* Base in Resources */,
			);
			runOnlyForDeploymentPostprocessing = 0;
		};
/* End PBXResourcesBuildPhase section */

/* Begin PBXSourcesBuildPhase section */
		DCC705F82D07257800C0B63F /* Sources */ = {
			isa = PBXSourcesBuildPhase;
			buildActionMask = 2147483647;
			files = (
				DCF6D5CD2D099CB700041057 /* Schedule.swift in Sources */,
				DCF6D5CF2D09A88F00041057 /* SchedulaViewController.swift in Sources */,
				DCC706142D0727CC00C0B63F /* FormatSelectionViewController.swift in Sources */,
				DCF6D5D32D09CEB300041057 /* SlotCell.swift in Sources */,
				DCF6D5D72D0A075F00041057 /* ConfirmationViewController.swift in Sources */,
				DCF6D5D12D09AB0E00041057 /* SectionHeaderView.swift in Sources */,
				DCC706042D07257800C0B63F /* ViewController.swift in Sources */,
				DCF6D5D52D0A066D00041057 /* RecordData.swift in Sources */,
				DCF6D5CB2D0875A600041057 /* RecordViewController.swift in Sources */,
				DCC706002D07257800C0B63F /* AppDelegate.swift in Sources */,
				DCF6D5D92D0A0A1300041057 /* SuccessViewController.swift in Sources */,
				DCC706022D07257800C0B63F /* SceneDelegate.swift in Sources */,
			);
			runOnlyForDeploymentPostprocessing = 0;
		};
/* End PBXSourcesBuildPhase section */

/* Begin PBXVariantGroup section */
		DCC7060A2D07257A00C0B63F /* LaunchScreen.storyboard */ = {
			isa = PBXVariantGroup;
			children = (
				DCC7060B2D07257A00C0B63F /* Base */,
			);
			name = LaunchScreen.storyboard;
			sourceTree = "<group>";
		};
/* End PBXVariantGroup section */

/* Begin XCBuildConfiguration section */
		DCC7060E2D07257A00C0B63F /* Debug */ = {
			isa = XCBuildConfiguration;
			buildSettings = {
				ALWAYS_SEARCH_USER_PATHS = NO;
				ASSETCATALOG_COMPILER_GENERATE_SWIFT_ASSET_SYMBOL_EXTENSIONS = YES;
				CLANG_ANALYZER_NONNULL = YES;
				CLANG_ANALYZER_NUMBER_OBJECT_CONVERSION = YES_AGGRESSIVE;
				CLANG_CXX_LANGUAGE_STANDARD = "gnu++20";
				CLANG_ENABLE_MODULES = YES;
				CLANG_ENABLE_OBJC_ARC = YES;
				CLANG_ENABLE_OBJC_WEAK = YES;
				CLANG_WARN_BLOCK_CAPTURE_AUTORELEASING = YES;
				CLANG_WARN_BOOL_CONVERSION = YES;
				CLANG_WARN_COMMA = YES;
				CLANG_WARN_CONSTANT_CONVERSION = YES;
				CLANG_WARN_DEPRECATED_OBJC_IMPLEMENTATIONS = YES;
				CLANG_WARN_DIRECT_OBJC_ISA_USAGE = YES_ERROR;
				CLANG_WARN_DOCUMENTATION_COMMENTS = YES;
				CLANG_WARN_EMPTY_BODY = YES;
				CLANG_WARN_ENUM_CONVERSION = YES;
				CLANG_WARN_INFINITE_RECURSION = YES;
				CLANG_WARN_INT_CONVERSION = YES;
				CLANG_WARN_NON_LITERAL_NULL_CONVERSION = YES;
				CLANG_WARN_OBJC_IMPLICIT_RETAIN_SELF = YES;
				CLANG_WARN_OBJC_LITERAL_CONVERSION = YES;
				CLANG_WARN_OBJC_ROOT_CLASS = YES_ERROR;
				CLANG_WARN_QUOTED_INCLUDE_IN_FRAMEWORK_HEADER = YES;
				CLANG_WARN_RANGE_LOOP_ANALYSIS = YES;
				CLANG_WARN_STRICT_PROTOTYPES = YES;
				CLANG_WARN_SUSPICIOUS_MOVE = YES;
				CLANG_WARN_UNGUARDED_AVAILABILITY = YES_AGGRESSIVE;
				CLANG_WARN_UNREACHABLE_CODE = YES;
				CLANG_WARN__DUPLICATE_METHOD_MATCH = YES;
				COPY_PHASE_STRIP = NO;
				DEBUG_INFORMATION_FORMAT = dwarf;
				ENABLE_STRICT_OBJC_MSGSEND = YES;
				ENABLE_TESTABILITY = YES;
				ENABLE_USER_SCRIPT_SANDBOXING = YES;
				GCC_C_LANGUAGE_STANDARD = gnu17;
				GCC_DYNAMIC_NO_PIC = NO;
				GCC_NO_COMMON_BLOCKS = YES;
				GCC_OPTIMIZATION_LEVEL = 0;
				GCC_PREPROCESSOR_DEFINITIONS = (
					"DEBUG=1",
					"$(inherited)",
				);
				GCC_WARN_64_TO_32_BIT_CONVERSION = YES;
				GCC_WARN_ABOUT_RETURN_TYPE = YES_ERROR;
				GCC_WARN_UNDECLARED_SELECTOR = YES;
				GCC_WARN_UNINITIALIZED_AUTOS = YES_AGGRESSIVE;
				GCC_WARN_UNUSED_FUNCTION = YES;
				GCC_WARN_UNUSED_VARIABLE = YES;
				IPHONEOS_DEPLOYMENT_TARGET = 17.5;
				LOCALIZATION_PREFERS_STRING_CATALOGS = YES;
				MTL_ENABLE_DEBUG_INFO = INCLUDE_SOURCE;
				MTL_FAST_MATH = YES;
				ONLY_ACTIVE_ARCH = YES;
				SDKROOT = iphoneos;
				SWIFT_ACTIVE_COMPILATION_CONDITIONS = "DEBUG $(inherited)";
				SWIFT_OPTIMIZATION_LEVEL = "-Onone";
			};
			name = Debug;
		};
		DCC7060F2D07257A00C0B63F /* Release */ = {
			isa = XCBuildConfiguration;
			buildSettings = {
				ALWAYS_SEARCH_USER_PATHS = NO;
				ASSETCATALOG_COMPILER_GENERATE_SWIFT_ASSET_SYMBOL_EXTENSIONS = YES;
				CLANG_ANALYZER_NONNULL = YES;
				CLANG_ANALYZER_NUMBER_OBJECT_CONVERSION = YES_AGGRESSIVE;
				CLANG_CXX_LANGUAGE_STANDARD = "gnu++20";
				CLANG_ENABLE_MODULES = YES;
				CLANG_ENABLE_OBJC_ARC = YES;
				CLANG_ENABLE_OBJC_WEAK = YES;
				CLANG_WARN_BLOCK_CAPTURE_AUTORELEASING = YES;
				CLANG_WARN_BOOL_CONVERSION = YES;
				CLANG_WARN_COMMA = YES;
				CLANG_WARN_CONSTANT_CONVERSION = YES;
				CLANG_WARN_DEPRECATED_OBJC_IMPLEMENTATIONS = YES;
				CLANG_WARN_DIRECT_OBJC_ISA_USAGE = YES_ERROR;
				CLANG_WARN_DOCUMENTATION_COMMENTS = YES;
				CLANG_WARN_EMPTY_BODY = YES;
				CLANG_WARN_ENUM_CONVERSION = YES;
				CLANG_WARN_INFINITE_RECURSION = YES;
				CLANG_WARN_INT_CONVERSION = YES;
				CLANG_WARN_NON_LITERAL_NULL_CONVERSION = YES;
				CLANG_WARN_OBJC_IMPLICIT_RETAIN_SELF = YES;
				CLANG_WARN_OBJC_LITERAL_CONVERSION = YES;
				CLANG_WARN_OBJC_ROOT_CLASS = YES_ERROR;
				CLANG_WARN_QUOTED_INCLUDE_IN_FRAMEWORK_HEADER = YES;
				CLANG_WARN_RANGE_LOOP_ANALYSIS = YES;
				CLANG_WARN_STRICT_PROTOTYPES = YES;
				CLANG_WARN_SUSPICIOUS_MOVE = YES;
				CLANG_WARN_UNGUARDED_AVAILABILITY = YES_AGGRESSIVE;
				CLANG_WARN_UNREACHABLE_CODE = YES;
				CLANG_WARN__DUPLICATE_METHOD_MATCH = YES;
				COPY_PHASE_STRIP = NO;
				DEBUG_INFORMATION_FORMAT = "dwarf-with-dsym";
				ENABLE_NS_ASSERTIONS = NO;
				ENABLE_STRICT_OBJC_MSGSEND = YES;
				ENABLE_USER_SCRIPT_SANDBOXING = YES;
				GCC_C_LANGUAGE_STANDARD = gnu17;
				GCC_NO_COMMON_BLOCKS = YES;
				GCC_WARN_64_TO_32_BIT_CONVERSION = YES;
				GCC_WARN_ABOUT_RETURN_TYPE = YES_ERROR;
				GCC_WARN_UNDECLARED_SELECTOR = YES;
				GCC_WARN_UNINITIALIZED_AUTOS = YES_AGGRESSIVE;
				GCC_WARN_UNUSED_FUNCTION = YES;
				GCC_WARN_UNUSED_VARIABLE = YES;
				IPHONEOS_DEPLOYMENT_TARGET = 17.5;
				LOCALIZATION_PREFERS_STRING_CATALOGS = YES;
				MTL_ENABLE_DEBUG_INFO = NO;
				MTL_FAST_MATH = YES;
				SDKROOT = iphoneos;
				SWIFT_COMPILATION_MODE = wholemodule;
				VALIDATE_PRODUCT = YES;
			};
			name = Release;
		};
		DCC706112D07257A00C0B63F /* Debug */ = {
			isa = XCBuildConfiguration;
			buildSettings = {
				ASSETCATALOG_COMPILER_APPICON_NAME = AppIcon;
				ASSETCATALOG_COMPILER_GLOBAL_ACCENT_COLOR_NAME = AccentColor;
				CODE_SIGN_STYLE = Automatic;
				CURRENT_PROJECT_VERSION = 1;
				GENERATE_INFOPLIST_FILE = YES;
				INFOPLIST_FILE = PhyDoc/Info.plist;
				INFOPLIST_KEY_UIApplicationSupportsIndirectInputEvents = YES;
				INFOPLIST_KEY_UILaunchStoryboardName = LaunchScreen;
				INFOPLIST_KEY_UISupportedInterfaceOrientations_iPad = "UIInterfaceOrientationPortrait UIInterfaceOrientationPortraitUpsideDown UIInterfaceOrientationLandscapeLeft UIInterfaceOrientationLandscapeRight";
				INFOPLIST_KEY_UISupportedInterfaceOrientations_iPhone = "UIInterfaceOrientationPortrait UIInterfaceOrientationLandscapeLeft UIInterfaceOrientationLandscapeRight";
				LD_RUNPATH_SEARCH_PATHS = (
					"$(inherited)",
					"@executable_path/Frameworks",
				);
				MARKETING_VERSION = 1.0;
				PRODUCT_BUNDLE_IDENTIFIER = com.nurgali.nuraly.PhyDoc;
				PRODUCT_NAME = "$(TARGET_NAME)";
				SWIFT_EMIT_LOC_STRINGS = YES;
				SWIFT_VERSION = 5.0;
				TARGETED_DEVICE_FAMILY = "1,2";
			};
			name = Debug;
		};
		DCC706122D07257A00C0B63F /* Release */ = {
			isa = XCBuildConfiguration;
			buildSettings = {
				ASSETCATALOG_COMPILER_APPICON_NAME = AppIcon;
				ASSETCATALOG_COMPILER_GLOBAL_ACCENT_COLOR_NAME = AccentColor;
				CODE_SIGN_STYLE = Automatic;
				CURRENT_PROJECT_VERSION = 1;
				GENERATE_INFOPLIST_FILE = YES;
				INFOPLIST_FILE = PhyDoc/Info.plist;
				INFOPLIST_KEY_UIApplicationSupportsIndirectInputEvents = YES;
				INFOPLIST_KEY_UILaunchStoryboardName = LaunchScreen;
				INFOPLIST_KEY_UISupportedInterfaceOrientations_iPad = "UIInterfaceOrientationPortrait UIInterfaceOrientationPortraitUpsideDown UIInterfaceOrientationLandscapeLeft UIInterfaceOrientationLandscapeRight";
				INFOPLIST_KEY_UISupportedInterfaceOrientations_iPhone = "UIInterfaceOrientationPortrait UIInterfaceOrientationLandscapeLeft UIInterfaceOrientationLandscapeRight";
				LD_RUNPATH_SEARCH_PATHS = (
					"$(inherited)",
					"@executable_path/Frameworks",
				);
				MARKETING_VERSION = 1.0;
				PRODUCT_BUNDLE_IDENTIFIER = com.nurgali.nuraly.PhyDoc;
				PRODUCT_NAME = "$(TARGET_NAME)";
				SWIFT_EMIT_LOC_STRINGS = YES;
				SWIFT_VERSION = 5.0;
				TARGETED_DEVICE_FAMILY = "1,2";
			};
			name = Release;
		};
/* End XCBuildConfiguration section */

/* Begin XCConfigurationList section */
		DCC705F72D07257800C0B63F /* Build configuration list for PBXProject "PhyDoc" */ = {
			isa = XCConfigurationList;
			buildConfigurations = (
				DCC7060E2D07257A00C0B63F /* Debug */,
				DCC7060F2D07257A00C0B63F /* Release */,
			);
			defaultConfigurationIsVisible = 0;
			defaultConfigurationName = Release;
		};
		DCC706102D07257A00C0B63F /* Build configuration list for PBXNativeTarget "PhyDoc" */ = {
			isa = XCConfigurationList;
			buildConfigurations = (
				DCC706112D07257A00C0B63F /* Debug */,
				DCC706122D07257A00C0B63F /* Release */,
			);
			defaultConfigurationIsVisible = 0;
			defaultConfigurationName = Release;
		};
/* End XCConfigurationList section */

/* Begin XCRemoteSwiftPackageReference section */
		DCC706152D07280D00C0B63F /* XCRemoteSwiftPackageReference "SnapKit" */ = {
			isa = XCRemoteSwiftPackageReference;
			repositoryURL = "https://github.com/SnapKit/SnapKit.git";
			requirement = {
				kind = upToNextMajorVersion;
				minimumVersion = 5.7.1;
			};
		};
/* End XCRemoteSwiftPackageReference section */

/* Begin XCSwiftPackageProductDependency section */
		DCC706162D07280D00C0B63F /* SnapKit */ = {
			isa = XCSwiftPackageProductDependency;
			package = DCC706152D07280D00C0B63F /* XCRemoteSwiftPackageReference "SnapKit" */;
			productName = SnapKit;
		};
/* End XCSwiftPackageProductDependency section */
	};
	rootObject = DCC705F42D07257800C0B63F /* Project object */;
}
